{
  "name": "adventofcode",
  "version": "1.0.0",
  "lockfileVersion": 1,
  "requires": true,
  "dependencies": {
    "algebra.js": {
      "version": "0.2.6",
      "resolved": "https://registry.npmjs.org/algebra.js/-/algebra.js-0.2.6.tgz",
      "integrity": "sha512-ogfp7ukWOqIgBGERLLhArKhPORnmvn1t0pXvPvtfe15qlDV9BaDwCArHh5RyoEj2GHUqYeCWfBzQ7oZRqQxKDw=="
    }
  }
}
